
Microsoft Visual Studio Solution File, Format Version 12.00
# Visual Studio 2013
VisualStudioVersion = 12.0.30501.0
MinimumVisualStudioVersion = 10.0.40219.1
Project("{D2ABAB84-BF74-430A-B69E-9DC6D40DDA17}") = "SSAS", "SSAS\SSAS.dwproj", "{6CD2974C-B352-4AEB-9ADC-B86F9013B0B6}"
EndProject
Global
	GlobalSection(SolutionConfigurationPlatforms) = preSolution
		Development|Default = Development|Default
	EndGlobalSection
	GlobalSection(ProjectConfigurationPlatforms) = postSolution
		{6CD2974C-B352-4AEB-9ADC-B86F9013B0B6}.Development|Default.ActiveCfg = Development
		{6CD2974C-B352-4AEB-9ADC-B86F9013B0B6}.Development|Default.Build.0 = Development
		{6CD2974C-B352-4AEB-9ADC-B86F9013B0B6}.Development|Default.Deploy.0 = Development
	EndGlobalSection
	GlobalSection(SolutionProperties) = preSolution
		HideSolutionNode = FALSE
	EndGlobalSection
EndGlobal
